
Microsoft Visual Studio Solution File, Format Version 12.00
# Visual Studio 14
VisualStudioVersion = 14.0.25420.1
MinimumVisualStudioVersion = 10.0.40219.1
Project("{FAE04EC0-301F-11D3-BF4B-00C04F79EFBC}") = "Alan.ApiDocumentation", "Alan.ApiDocumentation\Alan.ApiDocumentation.csproj", "{ECDFF960-D44C-44C5-A372-D57916A40E67}"
EndProject
Project("{FAE04EC0-301F-11D3-BF4B-00C04F79EFBC}") = "Alan.ApiDocumentation.Net40", "Alan.ApiDocumentation.Net40\Alan.ApiDocumentation.Net40.csproj", "{80718333-A158-4560-8329-FE073CAF4A00}"
EndProject
Project("{FAE04EC0-301F-11D3-BF4B-00C04F79EFBC}") = "Alan.ApiDocumentation.WebApi", "Alan.ApiDocumentation.WebApi\Alan.ApiDocumentation.WebApi.csproj", "{449DE4CA-2ED8-4DE2-B74E-EA1213E2661E}"
EndProject
Project("{FAE04EC0-301F-11D3-BF4B-00C04F79EFBC}") = "Alan.ApiDocumentation.Demonstration", "Alan.ApiDocumentation.Demonstration\Alan.ApiDocumentation.Demonstration.csproj", "{FB2424CD-DD50-4395-84CB-4B655608BD28}"
EndProject
Project("{FAE04EC0-301F-11D3-BF4B-00C04F79EFBC}") = "Alan.ApiDocumentation.AssemblyApi", "Alan.ApiDocumentation.AssemblyApi\Alan.ApiDocumentation.AssemblyApi.csproj", "{87CF94E5-3593-4013-9FE2-93C689F9FDD3}"
EndProject
Project("{FAE04EC0-301F-11D3-BF4B-00C04F79EFBC}") = "Alan.ApiDocumentation.AssemblyApi.Net40", "Alan.ApiDocumentation.AssemblyApi.Net40\Alan.ApiDocumentation.AssemblyApi.Net40.csproj", "{7D86DC8D-3E67-4C7E-9579-C53879B8A6C1}"
EndProject
Global
	GlobalSection(SolutionConfigurationPlatforms) = preSolution
		Debug|Any CPU = Debug|Any CPU
		Release|Any CPU = Release|Any CPU
	EndGlobalSection
	GlobalSection(ProjectConfigurationPlatforms) = postSolution
		{ECDFF960-D44C-44C5-A372-D57916A40E67}.Debug|Any CPU.ActiveCfg = Debug|Any CPU
		{ECDFF960-D44C-44C5-A372-D57916A40E67}.Debug|Any CPU.Build.0 = Debug|Any CPU
		{ECDFF960-D44C-44C5-A372-D57916A40E67}.Release|Any CPU.ActiveCfg = Release|Any CPU
		{ECDFF960-D44C-44C5-A372-D57916A40E67}.Release|Any CPU.Build.0 = Release|Any CPU
		{80718333-A158-4560-8329-FE073CAF4A00}.Debug|Any CPU.ActiveCfg = Debug|Any CPU
		{80718333-A158-4560-8329-FE073CAF4A00}.Debug|Any CPU.Build.0 = Debug|Any CPU
		{80718333-A158-4560-8329-FE073CAF4A00}.Release|Any CPU.ActiveCfg = Release|Any CPU
		{80718333-A158-4560-8329-FE073CAF4A00}.Release|Any CPU.Build.0 = Release|Any CPU
		{449DE4CA-2ED8-4DE2-B74E-EA1213E2661E}.Debug|Any CPU.ActiveCfg = Debug|Any CPU
		{449DE4CA-2ED8-4DE2-B74E-EA1213E2661E}.Debug|Any CPU.Build.0 = Debug|Any CPU
		{449DE4CA-2ED8-4DE2-B74E-EA1213E2661E}.Release|Any CPU.ActiveCfg = Release|Any CPU
		{449DE4CA-2ED8-4DE2-B74E-EA1213E2661E}.Release|Any CPU.Build.0 = Release|Any CPU
		{FB2424CD-DD50-4395-84CB-4B655608BD28}.Debug|Any CPU.ActiveCfg = Debug|Any CPU
		{FB2424CD-DD50-4395-84CB-4B655608BD28}.Debug|Any CPU.Build.0 = Debug|Any CPU
		{FB2424CD-DD50-4395-84CB-4B655608BD28}.Release|Any CPU.ActiveCfg = Release|Any CPU
		{FB2424CD-DD50-4395-84CB-4B655608BD28}.Release|Any CPU.Build.0 = Release|Any CPU
		{87CF94E5-3593-4013-9FE2-93C689F9FDD3}.Debug|Any CPU.ActiveCfg = Debug|Any CPU
		{87CF94E5-3593-4013-9FE2-93C689F9FDD3}.Debug|Any CPU.Build.0 = Debug|Any CPU
		{87CF94E5-3593-4013-9FE2-93C689F9FDD3}.Release|Any CPU.ActiveCfg = Release|Any CPU
		{87CF94E5-3593-4013-9FE2-93C689F9FDD3}.Release|Any CPU.Build.0 = Release|Any CPU
		{7D86DC8D-3E67-4C7E-9579-C53879B8A6C1}.Debug|Any CPU.ActiveCfg = Debug|Any CPU
		{7D86DC8D-3E67-4C7E-9579-C53879B8A6C1}.Debug|Any CPU.Build.0 = Debug|Any CPU
		{7D86DC8D-3E67-4C7E-9579-C53879B8A6C1}.Release|Any CPU.ActiveCfg = Release|Any CPU
		{7D86DC8D-3E67-4C7E-9579-C53879B8A6C1}.Release|Any CPU.Build.0 = Release|Any CPU
	EndGlobalSection
	GlobalSection(SolutionProperties) = preSolution
		HideSolutionNode = FALSE
	EndGlobalSection
EndGlobal
